
Microsoft Visual Studio Solution File, Format Version 12.00
# Visual Studio Version 16
VisualStudioVersion = 16.0.30413.136
MinimumVisualStudioVersion = 10.0.40219.1
Project("{FAE04EC0-301F-11D3-BF4B-00C04F79EFBC}") = "BookStore", "BookStore\BookStore.csproj", "{D029C58F-0EE6-4C2F-9755-EDB7D090CCDC}"
EndProject
Global
	GlobalSection(SolutionConfigurationPlatforms) = preSolution
		Debug|Any CPU = Debug|Any CPU
		Release|Any CPU = Release|Any CPU
	EndGlobalSection
	GlobalSection(ProjectConfigurationPlatforms) = postSolution
		{D029C58F-0EE6-4C2F-9755-EDB7D090CCDC}.Debug|Any CPU.ActiveCfg = Debug|Any CPU
		{D029C58F-0EE6-4C2F-9755-EDB7D090CCDC}.Debug|Any CPU.Build.0 = Debug|Any CPU
		{D029C58F-0EE6-4C2F-9755-EDB7D090CCDC}.Release|Any CPU.ActiveCfg = Release|Any CPU
		{D029C58F-0EE6-4C2F-9755-EDB7D090CCDC}.Release|Any CPU.Build.0 = Release|Any CPU
	EndGlobalSection
	GlobalSection(SolutionProperties) = preSolution
		HideSolutionNode = FALSE
	EndGlobalSection
	GlobalSection(ExtensibilityGlobals) = postSolution
		SolutionGuid = {294341C3-455C-44C0-8D72-A64823C97F15}
	EndGlobalSection
EndGlobal
